
Microsoft Visual Studio Solution File, Format Version 12.00
# Visual Studio Version 16
VisualStudioVersion = 16.0.31205.134
MinimumVisualStudioVersion = 10.0.40219.1
Project("{9092AA53-FB77-4645-B42D-1CCCA6BD08BD}") = "Bender_Hatchways", "Bender_Hatchways.njsproj", "{A6FC2723-FFD0-4A62-9D54-D5AEB7B0B75A}"
EndProject
Global
	GlobalSection(SolutionConfigurationPlatforms) = preSolution
		Debug|Any CPU = Debug|Any CPU
		Release|Any CPU = Release|Any CPU
	EndGlobalSection
	GlobalSection(ProjectConfigurationPlatforms) = postSolution
		{A6FC2723-FFD0-4A62-9D54-D5AEB7B0B75A}.Debug|Any CPU.ActiveCfg = Debug|Any CPU
		{A6FC2723-FFD0-4A62-9D54-D5AEB7B0B75A}.Debug|Any CPU.Build.0 = Debug|Any CPU
		{A6FC2723-FFD0-4A62-9D54-D5AEB7B0B75A}.Release|Any CPU.ActiveCfg = Release|Any CPU
		{A6FC2723-FFD0-4A62-9D54-D5AEB7B0B75A}.Release|Any CPU.Build.0 = Release|Any CPU
	EndGlobalSection
	GlobalSection(SolutionProperties) = preSolution
		HideSolutionNode = FALSE
	EndGlobalSection
	GlobalSection(ExtensibilityGlobals) = postSolution
		SolutionGuid = {30258F20-AE16-4D69-93C0-EE5DB57990CD}
	EndGlobalSection
EndGlobal
